
Microsoft Visual Studio Solution File, Format Version 12.00
# Visual Studio 15
VisualStudioVersion = 15.0.26124.0
MinimumVisualStudioVersion = 15.0.26124.0
Project("{FAE04EC0-301F-11D3-BF4B-00C04F79EFBC}") = "Terradue.Stars.Console", "Stars.Console\Terradue.Stars.Console.csproj", "{0A482385-290D-4219-BF95-B32958FDD9B9}"
EndProject
Project("{FAE04EC0-301F-11D3-BF4B-00C04F79EFBC}") = "Terradue.Stars.Interface", "Stars.Interface\Terradue.Stars.Interface.csproj", "{2A4E4830-9D87-44D5-8201-A9D2B2710D51}"
EndProject
Project("{FAE04EC0-301F-11D3-BF4B-00C04F79EFBC}") = "Terradue.Stars.Services", "Stars.Services\Terradue.Stars.Services.csproj", "{FC70586C-0FBA-4C1C-81B3-3E899BF30654}"
EndProject
Project("{FAE04EC0-301F-11D3-BF4B-00C04F79EFBC}") = "Terradue.Stars.Geometry", "Stars.Geometry\Terradue.Stars.Geometry.csproj", "{C4B0F840-9B72-478E-966C-C30BFC4138CA}"
EndProject
Project("{FAE04EC0-301F-11D3-BF4B-00C04F79EFBC}") = "Stars.Console.Tests", "Stars.Console.Tests\Stars.Console.Tests.csproj", "{D046F1BC-EFCA-4E71-B413-A51E34853C8E}"
EndProject
Global
	GlobalSection(SolutionConfigurationPlatforms) = preSolution
		Debug|Any CPU = Debug|Any CPU
		Debug|x64 = Debug|x64
		Debug|x86 = Debug|x86
		Release|Any CPU = Release|Any CPU
		Release|x64 = Release|x64
		Release|x86 = Release|x86
	EndGlobalSection
	GlobalSection(SolutionProperties) = preSolution
		HideSolutionNode = FALSE
	EndGlobalSection
	GlobalSection(ProjectConfigurationPlatforms) = postSolution
		{0A482385-290D-4219-BF95-B32958FDD9B9}.Debug|Any CPU.ActiveCfg = Debug|Any CPU
		{0A482385-290D-4219-BF95-B32958FDD9B9}.Debug|Any CPU.Build.0 = Debug|Any CPU
		{0A482385-290D-4219-BF95-B32958FDD9B9}.Debug|x64.ActiveCfg = Debug|Any CPU
		{0A482385-290D-4219-BF95-B32958FDD9B9}.Debug|x64.Build.0 = Debug|Any CPU
		{0A482385-290D-4219-BF95-B32958FDD9B9}.Debug|x86.ActiveCfg = Debug|Any CPU
		{0A482385-290D-4219-BF95-B32958FDD9B9}.Debug|x86.Build.0 = Debug|Any CPU
		{0A482385-290D-4219-BF95-B32958FDD9B9}.Release|Any CPU.ActiveCfg = Release|Any CPU
		{0A482385-290D-4219-BF95-B32958FDD9B9}.Release|Any CPU.Build.0 = Release|Any CPU
		{0A482385-290D-4219-BF95-B32958FDD9B9}.Release|x64.ActiveCfg = Release|Any CPU
		{0A482385-290D-4219-BF95-B32958FDD9B9}.Release|x64.Build.0 = Release|Any CPU
		{0A482385-290D-4219-BF95-B32958FDD9B9}.Release|x86.ActiveCfg = Release|Any CPU
		{0A482385-290D-4219-BF95-B32958FDD9B9}.Release|x86.Build.0 = Release|Any CPU
		{2A4E4830-9D87-44D5-8201-A9D2B2710D51}.Debug|Any CPU.ActiveCfg = Debug|Any CPU
		{2A4E4830-9D87-44D5-8201-A9D2B2710D51}.Debug|Any CPU.Build.0 = Debug|Any CPU
		{2A4E4830-9D87-44D5-8201-A9D2B2710D51}.Debug|x64.ActiveCfg = Debug|Any CPU
		{2A4E4830-9D87-44D5-8201-A9D2B2710D51}.Debug|x64.Build.0 = Debug|Any CPU
		{2A4E4830-9D87-44D5-8201-A9D2B2710D51}.Debug|x86.ActiveCfg = Debug|Any CPU
		{2A4E4830-9D87-44D5-8201-A9D2B2710D51}.Debug|x86.Build.0 = Debug|Any CPU
		{2A4E4830-9D87-44D5-8201-A9D2B2710D51}.Release|Any CPU.ActiveCfg = Release|Any CPU
		{2A4E4830-9D87-44D5-8201-A9D2B2710D51}.Release|Any CPU.Build.0 = Release|Any CPU
		{2A4E4830-9D87-44D5-8201-A9D2B2710D51}.Release|x64.ActiveCfg = Release|Any CPU
		{2A4E4830-9D87-44D5-8201-A9D2B2710D51}.Release|x64.Build.0 = Release|Any CPU
		{2A4E4830-9D87-44D5-8201-A9D2B2710D51}.Release|x86.ActiveCfg = Release|Any CPU
		{2A4E4830-9D87-44D5-8201-A9D2B2710D51}.Release|x86.Build.0 = Release|Any CPU
		{FC70586C-0FBA-4C1C-81B3-3E899BF30654}.Debug|Any CPU.ActiveCfg = Debug|Any CPU
		{FC70586C-0FBA-4C1C-81B3-3E899BF30654}.Debug|Any CPU.Build.0 = Debug|Any CPU
		{FC70586C-0FBA-4C1C-81B3-3E899BF30654}.Debug|x64.ActiveCfg = Debug|Any CPU
		{FC70586C-0FBA-4C1C-81B3-3E899BF30654}.Debug|x64.Build.0 = Debug|Any CPU
		{FC70586C-0FBA-4C1C-81B3-3E899BF30654}.Debug|x86.ActiveCfg = Debug|Any CPU
		{FC70586C-0FBA-4C1C-81B3-3E899BF30654}.Debug|x86.Build.0 = Debug|Any CPU
		{FC70586C-0FBA-4C1C-81B3-3E899BF30654}.Release|Any CPU.ActiveCfg = Release|Any CPU
		{FC70586C-0FBA-4C1C-81B3-3E899BF30654}.Release|Any CPU.Build.0 = Release|Any CPU
		{FC70586C-0FBA-4C1C-81B3-3E899BF30654}.Release|x64.ActiveCfg = Release|Any CPU
		{FC70586C-0FBA-4C1C-81B3-3E899BF30654}.Release|x64.Build.0 = Release|Any CPU
		{FC70586C-0FBA-4C1C-81B3-3E899BF30654}.Release|x86.ActiveCfg = Release|Any CPU
		{FC70586C-0FBA-4C1C-81B3-3E899BF30654}.Release|x86.Build.0 = Release|Any CPU
		{C4B0F840-9B72-478E-966C-C30BFC4138CA}.Debug|Any CPU.ActiveCfg = Debug|Any CPU
		{C4B0F840-9B72-478E-966C-C30BFC4138CA}.Debug|Any CPU.Build.0 = Debug|Any CPU
		{C4B0F840-9B72-478E-966C-C30BFC4138CA}.Debug|x64.ActiveCfg = Debug|Any CPU
		{C4B0F840-9B72-478E-966C-C30BFC4138CA}.Debug|x64.Build.0 = Debug|Any CPU
		{C4B0F840-9B72-478E-966C-C30BFC4138CA}.Debug|x86.ActiveCfg = Debug|Any CPU
		{C4B0F840-9B72-478E-966C-C30BFC4138CA}.Debug|x86.Build.0 = Debug|Any CPU
		{C4B0F840-9B72-478E-966C-C30BFC4138CA}.Release|Any CPU.ActiveCfg = Release|Any CPU
		{C4B0F840-9B72-478E-966C-C30BFC4138CA}.Release|Any CPU.Build.0 = Release|Any CPU
		{C4B0F840-9B72-478E-966C-C30BFC4138CA}.Release|x64.ActiveCfg = Release|Any CPU
		{C4B0F840-9B72-478E-966C-C30BFC4138CA}.Release|x64.Build.0 = Release|Any CPU
		{C4B0F840-9B72-478E-966C-C30BFC4138CA}.Release|x86.ActiveCfg = Release|Any CPU
		{C4B0F840-9B72-478E-966C-C30BFC4138CA}.Release|x86.Build.0 = Release|Any CPU
		{D046F1BC-EFCA-4E71-B413-A51E34853C8E}.Debug|Any CPU.ActiveCfg = Debug|Any CPU
		{D046F1BC-EFCA-4E71-B413-A51E34853C8E}.Debug|Any CPU.Build.0 = Debug|Any CPU
		{D046F1BC-EFCA-4E71-B413-A51E34853C8E}.Debug|x64.ActiveCfg = Debug|Any CPU
		{D046F1BC-EFCA-4E71-B413-A51E34853C8E}.Debug|x64.Build.0 = Debug|Any CPU
		{D046F1BC-EFCA-4E71-B413-A51E34853C8E}.Debug|x86.ActiveCfg = Debug|Any CPU
		{D046F1BC-EFCA-4E71-B413-A51E34853C8E}.Debug|x86.Build.0 = Debug|Any CPU
		{D046F1BC-EFCA-4E71-B413-A51E34853C8E}.Release|Any CPU.ActiveCfg = Release|Any CPU
		{D046F1BC-EFCA-4E71-B413-A51E34853C8E}.Release|Any CPU.Build.0 = Release|Any CPU
		{D046F1BC-EFCA-4E71-B413-A51E34853C8E}.Release|x64.ActiveCfg = Release|Any CPU
		{D046F1BC-EFCA-4E71-B413-A51E34853C8E}.Release|x64.Build.0 = Release|Any CPU
		{D046F1BC-EFCA-4E71-B413-A51E34853C8E}.Release|x86.ActiveCfg = Release|Any CPU
		{D046F1BC-EFCA-4E71-B413-A51E34853C8E}.Release|x86.Build.0 = Release|Any CPU
	EndGlobalSection
	GlobalSection(NestedProjects) = preSolution
	EndGlobalSection
EndGlobal
